// !$*UTF8*$!
{
	archiveVersion = 1;
	classes = {
	};
	objectVersion = 77;
	objects = {

/* Begin PBXContainerItemProxy section */
		A91437732C99B389003D5960 /* PBXContainerItemProxy */ = {
			isa = PBXContainerItemProxy;
			containerPortal = A914375B2C99B387003D5960 /* Project object */;
			proxyType = 1;
			remoteGlobalIDString = A91437622C99B387003D5960;
			remoteInfo = ResChatMacApp;
		};
		A914377D2C99B389003D5960 /* PBXContainerItemProxy */ = {
			isa = PBXContainerItemProxy;
			containerPortal = A914375B2C99B387003D5960 /* Project object */;
			proxyType = 1;
			remoteGlobalIDString = A91437622C99B387003D5960;
			remoteInfo = ResChatMacApp;
		};
/* End PBXContainerItemProxy section */

/* Begin PBXFileReference section */
		A91437632C99B387003D5960 /* ResChatMacApp.app */ = {isa = PBXFileReference; explicitFileType = wrapper.application; includeInIndex = 0; path = ResChatMacApp.app; sourceTree = BUILT_PRODUCTS_DIR; };
		A91437722C99B389003D5960 /* ResChatMacAppTests.xctest */ = {isa = PBXFileReference; explicitFileType = wrapper.cfbundle; includeInIndex = 0; path = ResChatMacAppTests.xctest; sourceTree = BUILT_PRODUCTS_DIR; };
		A914377C2C99B389003D5960 /* ResChatMacAppUITests.xctest */ = {isa = PBXFileReference; explicitFileType = wrapper.cfbundle; includeInIndex = 0; path = ResChatMacAppUITests.xctest; sourceTree = BUILT_PRODUCTS_DIR; };
/* End PBXFileReference section */

/* Begin PBXFileSystemSynchronizedRootGroup section */
		A91437652C99B387003D5960 /* ResChatMacApp */ = {
			isa = PBXFileSystemSynchronizedRootGroup;
			path = ResChatMacApp;
			sourceTree = "<group>";
		};
		A91437752C99B389003D5960 /* ResChatMacAppTests */ = {
			isa = PBXFileSystemSynchronizedRootGroup;
			path = ResChatMacAppTests;
			sourceTree = "<group>";
		};
		A914377F2C99B389003D5960 /* ResChatMacAppUITests */ = {
			isa = PBXFileSystemSynchronizedRootGroup;
			path = ResChatMacAppUITests;
			sourceTree = "<group>";
		};
/* End PBXFileSystemSynchronizedRootGroup section */

/* Begin PBXFrameworksBuildPhase section */
		A91437602C99B387003D5960 /* Frameworks */ = {
			isa = PBXFrameworksBuildPhase;
			buildActionMask = 2147483647;
			files = (
			);
			runOnlyForDeploymentPostprocessing = 0;
		};
		A914376F2C99B389003D5960 /* Frameworks */ = {
			isa = PBXFrameworksBuildPhase;
			buildActionMask = 2147483647;
			files = (
			);
			runOnlyForDeploymentPostprocessing = 0;
		};
		A91437792C99B389003D5960 /* Frameworks */ = {
			isa = PBXFrameworksBuildPhase;
			buildActionMask = 2147483647;
			files = (
			);
			runOnlyForDeploymentPostprocessing = 0;
		};
/* End PBXFrameworksBuildPhase section */

/* Begin PBXGroup section */
		A914375A2C99B387003D5960 = {
			isa = PBXGroup;
			children = (
				A91437652C99B387003D5960 /* ResChatMacApp */,
				A91437752C99B389003D5960 /* ResChatMacAppTests */,
				A914377F2C99B389003D5960 /* ResChatMacAppUITests */,
				A91437642C99B387003D5960 /* Products */,
			);
			sourceTree = "<group>";
		};
		A91437642C99B387003D5960 /* Products */ = {
			isa = PBXGroup;
			children = (
				A91437632C99B387003D5960 /* ResChatMacApp.app */,
				A91437722C99B389003D5960 /* ResChatMacAppTests.xctest */,
				A914377C2C99B389003D5960 /* ResChatMacAppUITests.xctest */,
			);
			name = Products;
			sourceTree = "<group>";
		};
/* End PBXGroup section */

/* Begin PBXNativeTarget section */
		A91437622C99B387003D5960 /* ResChatMacApp */ = {
			isa = PBXNativeTarget;
			buildConfigurationList = A91437862C99B389003D5960 /* Build configuration list for PBXNativeTarget "ResChatMacApp" */;
			buildPhases = (
				A914375F2C99B387003D5960 /* Sources */,
				A91437602C99B387003D5960 /* Frameworks */,
				A91437612C99B387003D5960 /* Resources */,
			);
			buildRules = (
			);
			dependencies = (
			);
			fileSystemSynchronizedGroups = (
				A91437652C99B387003D5960 /* ResChatMacApp */,
			);
			name = ResChatMacApp;
			packageProductDependencies = (
			);
			productName = ResChatMacApp;
			productReference = A91437632C99B387003D5960 /* ResChatMacApp.app */;
			productType = "com.apple.product-type.application";
		};
		A91437712C99B389003D5960 /* ResChatMacAppTests */ = {
			isa = PBXNativeTarget;
			buildConfigurationList = A91437892C99B389003D5960 /* Build configuration list for PBXNativeTarget "ResChatMacAppTests" */;
			buildPhases = (
				A914376E2C99B389003D5960 /* Sources */,
				A914376F2C99B389003D5960 /* Frameworks */,
				A91437702C99B389003D5960 /* Resources */,
			);
			buildRules = (
			);
			dependencies = (
				A91437742C99B389003D5960 /* PBXTargetDependency */,
			);
			fileSystemSynchronizedGroups = (
				A91437752C99B389003D5960 /* ResChatMacAppTests */,
			);
			name = ResChatMacAppTests;
			packageProductDependencies = (
			);
			productName = ResChatMacAppTests;
			productReference = A91437722C99B389003D5960 /* ResChatMacAppTests.xctest */;
			productType = "com.apple.product-type.bundle.unit-test";
		};
		A914377B2C99B389003D5960 /* ResChatMacAppUITests */ = {
			isa = PBXNativeTarget;
			buildConfigurationList = A914378C2C99B389003D5960 /* Build configuration list for PBXNativeTarget "ResChatMacAppUITests" */;
			buildPhases = (
				A91437782C99B389003D5960 /* Sources */,
				A91437792C99B389003D5960 /* Frameworks */,
				A914377A2C99B389003D5960 /* Resources */,
			);
			buildRules = (
			);
			dependencies = (
				A914377E2C99B389003D5960 /* PBXTargetDependency */,
			);
			fileSystemSynchronizedGroups = (
				A914377F2C99B389003D5960 /* ResChatMacAppUITests */,
			);
			name = ResChatMacAppUITests;
			packageProductDependencies = (
			);
			productName = ResChatMacAppUITests;
			productReference = A914377C2C99B389003D5960 /* ResChatMacAppUITests.xctest */;
			productType = "com.apple.product-type.bundle.ui-testing";
		};
/* End PBXNativeTarget section */

/* Begin PBXProject section */
		A914375B2C99B387003D5960 /* Project object */ = {
			isa = PBXProject;
			attributes = {
				BuildIndependentTargetsInParallel = 1;
				LastSwiftUpdateCheck = 1600;
				LastUpgradeCheck = 1600;
				TargetAttributes = {
					A91437622C99B387003D5960 = {
						CreatedOnToolsVersion = 16.0;
					};
					A91437712C99B389003D5960 = {
						CreatedOnToolsVersion = 16.0;
						TestTargetID = A91437622C99B387003D5960;
					};
					A914377B2C99B389003D5960 = {
						CreatedOnToolsVersion = 16.0;
						TestTargetID = A91437622C99B387003D5960;
					};
				};
			};
			buildConfigurationList = A914375E2C99B387003D5960 /* Build configuration list for PBXProject "ResChatMacApp" */;
			developmentRegion = en;
			hasScannedForEncodings = 0;
			knownRegions = (
				en,
				Base,
			);
			mainGroup = A914375A2C99B387003D5960;
			minimizedProjectReferenceProxies = 1;
			packageReferences = (
				A914378F2C99B445003D5960 /* XCLocalSwiftPackageReference "../../Packages/reschatproxy" */,
				A91437902C99B472003D5960 /* XCLocalSwiftPackageReference "../../Packages/ResChatAppKitUI" */,
				A9B03A9B2C99B5BD000B7FC9 /* XCLocalSwiftPackageReference "../../Packages/ResChatHouAppKit" */,
			);
			preferredProjectObjectVersion = 77;
			productRefGroup = A91437642C99B387003D5960 /* Products */;
			projectDirPath = "";
			projectRoot = "";
			targets = (
				A91437622C99B387003D5960 /* ResChatMacApp */,
				A91437712C99B389003D5960 /* ResChatMacAppTests */,
				A914377B2C99B389003D5960 /* ResChatMacAppUITests */,
			);
		};
/* End PBXProject section */

/* Begin PBXResourcesBuildPhase section */
		A91437612C99B387003D5960 /* Resources */ = {
			isa = PBXResourcesBuildPhase;
			buildActionMask = 2147483647;
			files = (
			);
			runOnlyForDeploymentPostprocessing = 0;
		};
		A91437702C99B389003D5960 /* Resources */ = {
			isa = PBXResourcesBuildPhase;
			buildActionMask = 2147483647;
			files = (
			);
			runOnlyForDeploymentPostprocessing = 0;
		};
		A914377A2C99B389003D5960 /* Resources */ = {
			isa = PBXResourcesBuildPhase;
			buildActionMask = 2147483647;
			files = (
			);
			runOnlyForDeploymentPostprocessing = 0;
		};
/* End PBXResourcesBuildPhase section */

/* Begin PBXSourcesBuildPhase section */
		A914375F2C99B387003D5960 /* Sources */ = {
			isa = PBXSourcesBuildPhase;
			buildActionMask = 2147483647;
			files = (
			);
			runOnlyForDeploymentPostprocessing = 0;
		};
		A914376E2C99B389003D5960 /* Sources */ = {
			isa = PBXSourcesBuildPhase;
			buildActionMask = 2147483647;
			files = (
			);
			runOnlyForDeploymentPostprocessing = 0;
		};
		A91437782C99B389003D5960 /* Sources */ = {
			isa = PBXSourcesBuildPhase;
			buildActionMask = 2147483647;
			files = (
			);
			runOnlyForDeploymentPostprocessing = 0;
		};
/* End PBXSourcesBuildPhase section */

/* Begin PBXTargetDependency section */
		A91437742C99B389003D5960 /* PBXTargetDependency */ = {
			isa = PBXTargetDependency;
			target = A91437622C99B387003D5960 /* ResChatMacApp */;
			targetProxy = A91437732C99B389003D5960 /* PBXContainerItemProxy */;
		};
		A914377E2C99B389003D5960 /* PBXTargetDependency */ = {
			isa = PBXTargetDependency;
			target = A91437622C99B387003D5960 /* ResChatMacApp */;
			targetProxy = A914377D2C99B389003D5960 /* PBXContainerItemProxy */;
		};
/* End PBXTargetDependency section */

/* Begin XCBuildConfiguration section */
		A91437842C99B389003D5960 /* Debug */ = {
			isa = XCBuildConfiguration;
			buildSettings = {
				ALWAYS_SEARCH_USER_PATHS = NO;
				ASSETCATALOG_COMPILER_GENERATE_SWIFT_ASSET_SYMBOL_EXTENSIONS = YES;
				CLANG_ANALYZER_NONNULL = YES;
				CLANG_ANALYZER_NUMBER_OBJECT_CONVERSION = YES_AGGRESSIVE;
				CLANG_CXX_LANGUAGE_STANDARD = "gnu++20";
				CLANG_ENABLE_MODULES = YES;
				CLANG_ENABLE_OBJC_ARC = YES;
				CLANG_ENABLE_OBJC_WEAK = YES;
				CLANG_WARN_BLOCK_CAPTURE_AUTORELEASING = YES;
				CLANG_WARN_BOOL_CONVERSION = YES;
				CLANG_WARN_COMMA = YES;
				CLANG_WARN_CONSTANT_CONVERSION = YES;
				CLANG_WARN_DEPRECATED_OBJC_IMPLEMENTATIONS = YES;
				CLANG_WARN_DIRECT_OBJC_ISA_USAGE = YES_ERROR;
				CLANG_WARN_DOCUMENTATION_COMMENTS = YES;
				CLANG_WARN_EMPTY_BODY = YES;
				CLANG_WARN_ENUM_CONVERSION = YES;
				CLANG_WARN_INFINITE_RECURSION = YES;
				CLANG_WARN_INT_CONVERSION = YES;
				CLANG_WARN_NON_LITERAL_NULL_CONVERSION = YES;
				CLANG_WARN_OBJC_IMPLICIT_RETAIN_SELF = YES;
				CLANG_WARN_OBJC_LITERAL_CONVERSION = YES;
				CLANG_WARN_OBJC_ROOT_CLASS = YES_ERROR;
				CLANG_WARN_QUOTED_INCLUDE_IN_FRAMEWORK_HEADER = YES;
				CLANG_WARN_RANGE_LOOP_ANALYSIS = YES;
				CLANG_WARN_STRICT_PROTOTYPES = YES;
				CLANG_WARN_SUSPICIOUS_MOVE = YES;
				CLANG_WARN_UNGUARDED_AVAILABILITY = YES_AGGRESSIVE;
				CLANG_WARN_UNREACHABLE_CODE = YES;
				CLANG_WARN__DUPLICATE_METHOD_MATCH = YES;
				COPY_PHASE_STRIP = NO;
				DEBUG_INFORMATION_FORMAT = dwarf;
				ENABLE_STRICT_OBJC_MSGSEND = YES;
				ENABLE_TESTABILITY = YES;
				ENABLE_USER_SCRIPT_SANDBOXING = YES;
				GCC_C_LANGUAGE_STANDARD = gnu17;
				GCC_DYNAMIC_NO_PIC = NO;
				GCC_NO_COMMON_BLOCKS = YES;
				GCC_OPTIMIZATION_LEVEL = 0;
				GCC_PREPROCESSOR_DEFINITIONS = (
					"DEBUG=1",
					"$(inherited)",
				);
				GCC_WARN_64_TO_32_BIT_CONVERSION = YES;
				GCC_WARN_ABOUT_RETURN_TYPE = YES_ERROR;
				GCC_WARN_UNDECLARED_SELECTOR = YES;
				GCC_WARN_UNINITIALIZED_AUTOS = YES_AGGRESSIVE;
				GCC_WARN_UNUSED_FUNCTION = YES;
				GCC_WARN_UNUSED_VARIABLE = YES;
				LOCALIZATION_PREFERS_STRING_CATALOGS = YES;
				MACOSX_DEPLOYMENT_TARGET = 15.0;
				MTL_ENABLE_DEBUG_INFO = INCLUDE_SOURCE;
				MTL_FAST_MATH = YES;
				ONLY_ACTIVE_ARCH = YES;
				SDKROOT = macosx;
				SWIFT_ACTIVE_COMPILATION_CONDITIONS = "DEBUG $(inherited)";
				SWIFT_OPTIMIZATION_LEVEL = "-Onone";
			};
			name = Debug;
		};
		A91437852C99B389003D5960 /* Release */ = {
			isa = XCBuildConfiguration;
			buildSettings = {
				ALWAYS_SEARCH_USER_PATHS = NO;
				ASSETCATALOG_COMPILER_GENERATE_SWIFT_ASSET_SYMBOL_EXTENSIONS = YES;
				CLANG_ANALYZER_NONNULL = YES;
				CLANG_ANALYZER_NUMBER_OBJECT_CONVERSION = YES_AGGRESSIVE;
				CLANG_CXX_LANGUAGE_STANDARD = "gnu++20";
				CLANG_ENABLE_MODULES = YES;
				CLANG_ENABLE_OBJC_ARC = YES;
				CLANG_ENABLE_OBJC_WEAK = YES;
				CLANG_WARN_BLOCK_CAPTURE_AUTORELEASING = YES;
				CLANG_WARN_BOOL_CONVERSION = YES;
				CLANG_WARN_COMMA = YES;
				CLANG_WARN_CONSTANT_CONVERSION = YES;
				CLANG_WARN_DEPRECATED_OBJC_IMPLEMENTATIONS = YES;
				CLANG_WARN_DIRECT_OBJC_ISA_USAGE = YES_ERROR;
				CLANG_WARN_DOCUMENTATION_COMMENTS = YES;
				CLANG_WARN_EMPTY_BODY = YES;
				CLANG_WARN_ENUM_CONVERSION = YES;
				CLANG_WARN_INFINITE_RECURSION = YES;
				CLANG_WARN_INT_CONVERSION = YES;
				CLANG_WARN_NON_LITERAL_NULL_CONVERSION = YES;
				CLANG_WARN_OBJC_IMPLICIT_RETAIN_SELF = YES;
				CLANG_WARN_OBJC_LITERAL_CONVERSION = YES;
				CLANG_WARN_OBJC_ROOT_CLASS = YES_ERROR;
				CLANG_WARN_QUOTED_INCLUDE_IN_FRAMEWORK_HEADER = YES;
				CLANG_WARN_RANGE_LOOP_ANALYSIS = YES;
				CLANG_WARN_STRICT_PROTOTYPES = YES;
				CLANG_WARN_SUSPICIOUS_MOVE = YES;
				CLANG_WARN_UNGUARDED_AVAILABILITY = YES_AGGRESSIVE;
				CLANG_WARN_UNREACHABLE_CODE = YES;
				CLANG_WARN__DUPLICATE_METHOD_MATCH = YES;
				COPY_PHASE_STRIP = NO;
				DEBUG_INFORMATION_FORMAT = "dwarf-with-dsym";
				ENABLE_NS_ASSERTIONS = NO;
				ENABLE_STRICT_OBJC_MSGSEND = YES;
				ENABLE_USER_SCRIPT_SANDBOXING = YES;
				GCC_C_LANGUAGE_STANDARD = gnu17;
				GCC_NO_COMMON_BLOCKS = YES;
				GCC_WARN_64_TO_32_BIT_CONVERSION = YES;
				GCC_WARN_ABOUT_RETURN_TYPE = YES_ERROR;
				GCC_WARN_UNDECLARED_SELECTOR = YES;
				GCC_WARN_UNINITIALIZED_AUTOS = YES_AGGRESSIVE;
				GCC_WARN_UNUSED_FUNCTION = YES;
				GCC_WARN_UNUSED_VARIABLE = YES;
				LOCALIZATION_PREFERS_STRING_CATALOGS = YES;
				MACOSX_DEPLOYMENT_TARGET = 15.0;
				MTL_ENABLE_DEBUG_INFO = NO;
				MTL_FAST_MATH = YES;
				SDKROOT = macosx;
				SWIFT_COMPILATION_MODE = wholemodule;
			};
			name = Release;
		};
		A91437872C99B389003D5960 /* Debug */ = {
			isa = XCBuildConfiguration;
			buildSettings = {
				ASSETCATALOG_COMPILER_APPICON_NAME = AppIcon;
				ASSETCATALOG_COMPILER_GLOBAL_ACCENT_COLOR_NAME = AccentColor;
				CODE_SIGN_ENTITLEMENTS = ResChatMacApp/ResChatMacApp.entitlements;
				CODE_SIGN_STYLE = Automatic;
				COMBINE_HIDPI_IMAGES = YES;
				CURRENT_PROJECT_VERSION = 1;
				DEVELOPMENT_TEAM = SZ688Z6ZE4;
				ENABLE_HARDENED_RUNTIME = YES;
				GENERATE_INFOPLIST_FILE = YES;
				INFOPLIST_KEY_NSHumanReadableCopyright = "";
				INFOPLIST_KEY_NSMainNibFile = MainMenu;
				INFOPLIST_KEY_NSPrincipalClass = NSApplication;
				LD_RUNPATH_SEARCH_PATHS = (
					"$(inherited)",
					"@executable_path/../Frameworks",
				);
				MARKETING_VERSION = 1.0;
				PRODUCT_BUNDLE_IDENTIFIER = com.mm.testapp.ResChatMacApp;
				PRODUCT_NAME = "$(TARGET_NAME)";
				SWIFT_EMIT_LOC_STRINGS = YES;
				SWIFT_VERSION = 5.0;
			};
			name = Debug;
		};
		A91437882C99B389003D5960 /* Release */ = {
			isa = XCBuildConfiguration;
			buildSettings = {
				ASSETCATALOG_COMPILER_APPICON_NAME = AppIcon;
				ASSETCATALOG_COMPILER_GLOBAL_ACCENT_COLOR_NAME = AccentColor;
				CODE_SIGN_ENTITLEMENTS = ResChatMacApp/ResChatMacApp.entitlements;
				CODE_SIGN_STYLE = Automatic;
				COMBINE_HIDPI_IMAGES = YES;
				CURRENT_PROJECT_VERSION = 1;
				DEVELOPMENT_TEAM = SZ688Z6ZE4;
				ENABLE_HARDENED_RUNTIME = YES;
				GENERATE_INFOPLIST_FILE = YES;
				INFOPLIST_KEY_NSHumanReadableCopyright = "";
				INFOPLIST_KEY_NSMainNibFile = MainMenu;
				INFOPLIST_KEY_NSPrincipalClass = NSApplication;
				LD_RUNPATH_SEARCH_PATHS = (
					"$(inherited)",
					"@executable_path/../Frameworks",
				);
				MARKETING_VERSION = 1.0;
				PRODUCT_BUNDLE_IDENTIFIER = com.mm.testapp.ResChatMacApp;
				PRODUCT_NAME = "$(TARGET_NAME)";
				SWIFT_EMIT_LOC_STRINGS = YES;
				SWIFT_VERSION = 5.0;
			};
			name = Release;
		};
		A914378A2C99B389003D5960 /* Debug */ = {
			isa = XCBuildConfiguration;
			buildSettings = {
				BUNDLE_LOADER = "$(TEST_HOST)";
				CODE_SIGN_STYLE = Automatic;
				CURRENT_PROJECT_VERSION = 1;
				DEVELOPMENT_TEAM = SZ688Z6ZE4;
				GENERATE_INFOPLIST_FILE = YES;
				MACOSX_DEPLOYMENT_TARGET = 15.0;
				MARKETING_VERSION = 1.0;
				PRODUCT_BUNDLE_IDENTIFIER = com.mm.testapp.ResChatMacAppTests;
				PRODUCT_NAME = "$(TARGET_NAME)";
				SWIFT_EMIT_LOC_STRINGS = NO;
				SWIFT_VERSION = 5.0;
				TEST_HOST = "$(BUILT_PRODUCTS_DIR)/ResChatMacApp.app/$(BUNDLE_EXECUTABLE_FOLDER_PATH)/ResChatMacApp";
			};
			name = Debug;
		};
		A914378B2C99B389003D5960 /* Release */ = {
			isa = XCBuildConfiguration;
			buildSettings = {
				BUNDLE_LOADER = "$(TEST_HOST)";
				CODE_SIGN_STYLE = Automatic;
				CURRENT_PROJECT_VERSION = 1;
				DEVELOPMENT_TEAM = SZ688Z6ZE4;
				GENERATE_INFOPLIST_FILE = YES;
				MACOSX_DEPLOYMENT_TARGET = 15.0;
				MARKETING_VERSION = 1.0;
				PRODUCT_BUNDLE_IDENTIFIER = com.mm.testapp.ResChatMacAppTests;
				PRODUCT_NAME = "$(TARGET_NAME)";
				SWIFT_EMIT_LOC_STRINGS = NO;
				SWIFT_VERSION = 5.0;
				TEST_HOST = "$(BUILT_PRODUCTS_DIR)/ResChatMacApp.app/$(BUNDLE_EXECUTABLE_FOLDER_PATH)/ResChatMacApp";
			};
			name = Release;
		};
		A914378D2C99B389003D5960 /* Debug */ = {
			isa = XCBuildConfiguration;
			buildSettings = {
				CODE_SIGN_STYLE = Automatic;
				CURRENT_PROJECT_VERSION = 1;
				DEVELOPMENT_TEAM = SZ688Z6ZE4;
				GENERATE_INFOPLIST_FILE = YES;
				MARKETING_VERSION = 1.0;
				PRODUCT_BUNDLE_IDENTIFIER = com.mm.testapp.ResChatMacAppUITests;
				PRODUCT_NAME = "$(TARGET_NAME)";
				SWIFT_EMIT_LOC_STRINGS = NO;
				SWIFT_VERSION = 5.0;
				TEST_TARGET_NAME = ResChatMacApp;
			};
			name = Debug;
		};
		A914378E2C99B389003D5960 /* Release */ = {
			isa = XCBuildConfiguration;
			buildSettings = {
				CODE_SIGN_STYLE = Automatic;
				CURRENT_PROJECT_VERSION = 1;
				DEVELOPMENT_TEAM = SZ688Z6ZE4;
				GENERATE_INFOPLIST_FILE = YES;
				MARKETING_VERSION = 1.0;
				PRODUCT_BUNDLE_IDENTIFIER = com.mm.testapp.ResChatMacAppUITests;
				PRODUCT_NAME = "$(TARGET_NAME)";
				SWIFT_EMIT_LOC_STRINGS = NO;
				SWIFT_VERSION = 5.0;
				TEST_TARGET_NAME = ResChatMacApp;
			};
			name = Release;
		};
/* End XCBuildConfiguration section */

/* Begin XCConfigurationList section */
		A914375E2C99B387003D5960 /* Build configuration list for PBXProject "ResChatMacApp" */ = {
			isa = XCConfigurationList;
			buildConfigurations = (
				A91437842C99B389003D5960 /* Debug */,
				A91437852C99B389003D5960 /* Release */,
			);
			defaultConfigurationIsVisible = 0;
			defaultConfigurationName = Release;
		};
		A91437862C99B389003D5960 /* Build configuration list for PBXNativeTarget "ResChatMacApp" */ = {
			isa = XCConfigurationList;
			buildConfigurations = (
				A91437872C99B389003D5960 /* Debug */,
				A91437882C99B389003D5960 /* Release */,
			);
			defaultConfigurationIsVisible = 0;
			defaultConfigurationName = Release;
		};
		A91437892C99B389003D5960 /* Build configuration list for PBXNativeTarget "ResChatMacAppTests" */ = {
			isa = XCConfigurationList;
			buildConfigurations = (
				A914378A2C99B389003D5960 /* Debug */,
				A914378B2C99B389003D5960 /* Release */,
			);
			defaultConfigurationIsVisible = 0;
			defaultConfigurationName = Release;
		};
		A914378C2C99B389003D5960 /* Build configuration list for PBXNativeTarget "ResChatMacAppUITests" */ = {
			isa = XCConfigurationList;
			buildConfigurations = (
				A914378D2C99B389003D5960 /* Debug */,
				A914378E2C99B389003D5960 /* Release */,
			);
			defaultConfigurationIsVisible = 0;
			defaultConfigurationName = Release;
		};
/* End XCConfigurationList section */

/* Begin XCLocalSwiftPackageReference section */
		A914378F2C99B445003D5960 /* XCLocalSwiftPackageReference "../../Packages/reschatproxy" */ = {
			isa = XCLocalSwiftPackageReference;
			relativePath = ../../Packages/reschatproxy;
		};
		A91437902C99B472003D5960 /* XCLocalSwiftPackageReference "../../Packages/ResChatAppKitUI" */ = {
			isa = XCLocalSwiftPackageReference;
			relativePath = ../../Packages/ResChatAppKitUI;
		};
		A9B03A9B2C99B5BD000B7FC9 /* XCLocalSwiftPackageReference "../../Packages/ResChatHouAppKit" */ = {
			isa = XCLocalSwiftPackageReference;
			relativePath = ../../Packages/ResChatHouAppKit;
		};
/* End XCLocalSwiftPackageReference section */
	};
	rootObject = A914375B2C99B387003D5960 /* Project object */;
}
